
Microsoft Visual Studio Solution File, Format Version 12.00
# Visual Studio Version 17
VisualStudioVersion = 17.0.31903.59
MinimumVisualStudioVersion = 10.0.40219.1
Project("{9A19103F-16F7-4668-BE54-9A1E7A4F7556}") = "Restaurants.API", "Restaurants.API\Restaurants.API.csproj", "{7FD67881-EBA6-4E3A-83A6-89F1AF11D325}"
EndProject
Project("{FAE04EC0-301F-11D3-BF4B-00C04F79EFBC}") = "Restaurants.Domain", "Restaurants.Domain\Restaurants.Domain.csproj", "{BA8724D3-F79D-4F86-A371-A5120A75FF14}"
EndProject
Project("{FAE04EC0-301F-11D3-BF4B-00C04F79EFBC}") = "Restaurants.Application", "Restaurants.Application\Restaurants.Application.csproj", "{E6A8455A-CEBD-4FE8-B959-FA02572787CA}"
EndProject
Project("{FAE04EC0-301F-11D3-BF4B-00C04F79EFBC}") = "Restaurants.Infrastructure", "Restaurants.Infrastructure\Restaurants.Infrastructure.csproj", "{5D10D180-7822-47F6-86AA-C8882531E865}"
EndProject
Global
	GlobalSection(SolutionConfigurationPlatforms) = preSolution
		Debug|Any CPU = Debug|Any CPU
		Release|Any CPU = Release|Any CPU
	EndGlobalSection
	GlobalSection(ProjectConfigurationPlatforms) = postSolution
		{7FD67881-EBA6-4E3A-83A6-89F1AF11D325}.Debug|Any CPU.ActiveCfg = Debug|Any CPU
		{7FD67881-EBA6-4E3A-83A6-89F1AF11D325}.Debug|Any CPU.Build.0 = Debug|Any CPU
		{7FD67881-EBA6-4E3A-83A6-89F1AF11D325}.Release|Any CPU.ActiveCfg = Release|Any CPU
		{7FD67881-EBA6-4E3A-83A6-89F1AF11D325}.Release|Any CPU.Build.0 = Release|Any CPU
		{BA8724D3-F79D-4F86-A371-A5120A75FF14}.Debug|Any CPU.ActiveCfg = Debug|Any CPU
		{BA8724D3-F79D-4F86-A371-A5120A75FF14}.Debug|Any CPU.Build.0 = Debug|Any CPU
		{BA8724D3-F79D-4F86-A371-A5120A75FF14}.Release|Any CPU.ActiveCfg = Release|Any CPU
		{BA8724D3-F79D-4F86-A371-A5120A75FF14}.Release|Any CPU.Build.0 = Release|Any CPU
		{E6A8455A-CEBD-4FE8-B959-FA02572787CA}.Debug|Any CPU.ActiveCfg = Debug|Any CPU
		{E6A8455A-CEBD-4FE8-B959-FA02572787CA}.Debug|Any CPU.Build.0 = Debug|Any CPU
		{E6A8455A-CEBD-4FE8-B959-FA02572787CA}.Release|Any CPU.ActiveCfg = Release|Any CPU
		{E6A8455A-CEBD-4FE8-B959-FA02572787CA}.Release|Any CPU.Build.0 = Release|Any CPU
		{5D10D180-7822-47F6-86AA-C8882531E865}.Debug|Any CPU.ActiveCfg = Debug|Any CPU
		{5D10D180-7822-47F6-86AA-C8882531E865}.Debug|Any CPU.Build.0 = Debug|Any CPU
		{5D10D180-7822-47F6-86AA-C8882531E865}.Release|Any CPU.ActiveCfg = Release|Any CPU
		{5D10D180-7822-47F6-86AA-C8882531E865}.Release|Any CPU.Build.0 = Release|Any CPU
	EndGlobalSection
	GlobalSection(SolutionProperties) = preSolution
		HideSolutionNode = FALSE
	EndGlobalSection
EndGlobal
